
Microsoft Visual Studio Solution File, Format Version 12.00
# Visual Studio Version 17
VisualStudioVersion = 17.11.35219.272
MinimumVisualStudioVersion = 10.0.40219.1
Project("{FAE04EC0-301F-11D3-BF4B-00C04F79EFBC}") = "WebApplication5", "WebApplication5\WebApplication5.csproj", "{6B971F69-AD80-43BB-9F7E-726F0C604610}"
EndProject
Global
	GlobalSection(SolutionConfigurationPlatforms) = preSolution
		Debug|Any CPU = Debug|Any CPU
		Release|Any CPU = Release|Any CPU
	EndGlobalSection
	GlobalSection(ProjectConfigurationPlatforms) = postSolution
		{6B971F69-AD80-43BB-9F7E-726F0C604610}.Debug|Any CPU.ActiveCfg = Debug|Any CPU
		{6B971F69-AD80-43BB-9F7E-726F0C604610}.Debug|Any CPU.Build.0 = Debug|Any CPU
		{6B971F69-AD80-43BB-9F7E-726F0C604610}.Release|Any CPU.ActiveCfg = Release|Any CPU
		{6B971F69-AD80-43BB-9F7E-726F0C604610}.Release|Any CPU.Build.0 = Release|Any CPU
	EndGlobalSection
	GlobalSection(SolutionProperties) = preSolution
		HideSolutionNode = FALSE
	EndGlobalSection
	GlobalSection(ExtensibilityGlobals) = postSolution
		SolutionGuid = {DDF9FB6C-0A1D-4AB2-8039-843D72FA5CC2}
	EndGlobalSection
EndGlobal
